// !$*UTF8*$!
{
	archiveVersion = 1;
	classes = {
	};
	objectVersion = 46;
	objects = {

/* Begin PBXBuildFile section */
		C1B0C63B1AF6CCFA0030AF47 /* main.m in Sources */ = {isa = PBXBuildFile; fileRef = C1B0C63A1AF6CCFA0030AF47 /* main.m */; };
		C1B0C63E1AF6CCFA0030AF47 /* AppDelegate.m in Sources */ = {isa = PBXBuildFile; fileRef = C1B0C63D1AF6CCFA0030AF47 /* AppDelegate.m */; };
		C1B0C6411AF6CCFA0030AF47 /* RootViewController.m in Sources */ = {isa = PBXBuildFile; fileRef = C1B0C6401AF6CCFA0030AF47 /* RootViewController.m */; };
		C1B0C6441AF6CCFA0030AF47 /* DataViewController.m in Sources */ = {isa = PBXBuildFile; fileRef = C1B0C6431AF6CCFA0030AF47 /* DataViewController.m */; };
		C1B0C6471AF6CCFA0030AF47 /* ModelController.m in Sources */ = {isa = PBXBuildFile; fileRef = C1B0C6461AF6CCFA0030AF47 /* ModelController.m */; };
		C1B0C64A1AF6CCFA0030AF47 /* Main.storyboard in Resources */ = {isa = PBXBuildFile; fileRef = C1B0C6481AF6CCFA0030AF47 /* Main.storyboard */; };
		C1B0C64C1AF6CCFA0030AF47 /* Images.xcassets in Resources */ = {isa = PBXBuildFile; fileRef = C1B0C64B1AF6CCFA0030AF47 /* Images.xcassets */; };
		C1B0C64F1AF6CCFA0030AF47 /* LaunchScreen.xib in Resources */ = {isa = PBXBuildFile; fileRef = C1B0C64D1AF6CCFA0030AF47 /* LaunchScreen.xib */; };
		C1B0C65B1AF6CCFA0030AF47 /* fase_0Tests.m in Sources */ = {isa = PBXBuildFile; fileRef = C1B0C65A1AF6CCFA0030AF47 /* fase_0Tests.m */; };
/* End PBXBuildFile section */

/* Begin PBXContainerItemProxy section */
		C1B0C6551AF6CCFA0030AF47 /* PBXContainerItemProxy */ = {
			isa = PBXContainerItemProxy;
			containerPortal = C1B0C62D1AF6CCFA0030AF47 /* Project object */;
			proxyType = 1;
			remoteGlobalIDString = C1B0C6341AF6CCFA0030AF47;
			remoteInfo = fase_0;
		};
/* End PBXContainerItemProxy section */

/* Begin PBXFileReference section */
		C1B0C6351AF6CCFA0030AF47 /* fase_0.app */ = {isa = PBXFileReference; explicitFileType = wrapper.application; includeInIndex = 0; path = fase_0.app; sourceTree = BUILT_PRODUCTS_DIR; };
		C1B0C6391AF6CCFA0030AF47 /* Info.plist */ = {isa = PBXFileReference; lastKnownFileType = text.plist.xml; path = Info.plist; sourceTree = "<group>"; };
		C1B0C63A1AF6CCFA0030AF47 /* main.m */ = {isa = PBXFileReference; lastKnownFileType = sourcecode.c.objc; path = main.m; sourceTree = "<group>"; };
		C1B0C63C1AF6CCFA0030AF47 /* AppDelegate.h */ = {isa = PBXFileReference; lastKnownFileType = sourcecode.c.h; path = AppDelegate.h; sourceTree = "<group>"; };
		C1B0C63D1AF6CCFA0030AF47 /* AppDelegate.m */ = {isa = PBXFileReference; lastKnownFileType = sourcecode.c.objc; path = AppDelegate.m; sourceTree = "<group>"; };
		C1B0C63F1AF6CCFA0030AF47 /* RootViewController.h */ = {isa = PBXFileReference; lastKnownFileType = sourcecode.c.h; path = RootViewController.h; sourceTree = "<group>"; };
		C1B0C6401AF6CCFA0030AF47 /* RootViewController.m */ = {isa = PBXFileReference; lastKnownFileType = sourcecode.c.objc; path = RootViewController.m; sourceTree = "<group>"; };
		C1B0C6421AF6CCFA0030AF47 /* DataViewController.h */ = {isa = PBXFileReference; lastKnownFileType = sourcecode.c.h; path = DataViewController.h; sourceTree = "<group>"; };
		C1B0C6431AF6CCFA0030AF47 /* DataViewController.m */ = {isa = PBXFileReference; lastKnownFileType = sourcecode.c.objc; path = DataViewController.m; sourceTree = "<group>"; };
		C1B0C6451AF6CCFA0030AF47 /* ModelController.h */ = {isa = PBXFileReference; lastKnownFileType = sourcecode.c.h; path = ModelController.h; sourceTree = "<group>"; };
		C1B0C6461AF6CCFA0030AF47 /* ModelController.m */ = {isa = PBXFileReference; lastKnownFileType = sourcecode.c.objc; path = ModelController.m; sourceTree = "<group>"; };
		C1B0C6491AF6CCFA0030AF47 /* Base */ = {isa = PBXFileReference; lastKnownFileType = file.storyboard; name = Base; path = Base.lproj/Main.storyboard; sourceTree = "<group>"; };
		C1B0C64B1AF6CCFA0030AF47 /* Images.xcassets */ = {isa = PBXFileReference; lastKnownFileType = folder.assetcatalog; path = Images.xcassets; sourceTree = "<group>"; };
		C1B0C64E1AF6CCFA0030AF47 /* Base */ = {isa = PBXFileReference; lastKnownFileType = file.xib; name = Base; path = Base.lproj/LaunchScreen.xib; sourceTree = "<group>"; };
		C1B0C6541AF6CCFA0030AF47 /* fase_0Tests.xctest */ = {isa = PBXFileReference; explicitFileType = wrapper.cfbundle; includeInIndex = 0; path = fase_0Tests.xctest; sourceTree = BUILT_PRODUCTS_DIR; };
		C1B0C6591AF6CCFA0030AF47 /* Info.plist */ = {isa = PBXFileReference; lastKnownFileType = text.plist.xml; path = Info.plist; sourceTree = "<group>"; };
		C1B0C65A1AF6CCFA0030AF47 /* fase_0Tests.m */ = {isa = PBXFileReference; lastKnownFileType = sourcecode.c.objc; path = fase_0Tests.m; sourceTree = "<group>"; };
/* End PBXFileReference section */

/* Begin PBXFrameworksBuildPhase section */
		C1B0C6321AF6CCFA0030AF47 /* Frameworks */ = {
			isa = PBXFrameworksBuildPhase;
			buildActionMask = 2147483647;
			files = (
			);
			runOnlyForDeploymentPostprocessing = 0;
		};
		C1B0C6511AF6CCFA0030AF47 /* Frameworks */ = {
			isa = PBXFrameworksBuildPhase;
			buildActionMask = 2147483647;
			files = (
			);
			runOnlyForDeploymentPostprocessing = 0;
		};
/* End PBXFrameworksBuildPhase section */

/* Begin PBXGroup section */
		C1B0C62C1AF6CCFA0030AF47 = {
			isa = PBXGroup;
			children = (
				C1B0C6371AF6CCFA0030AF47 /* fase_0 */,
				C1B0C6571AF6CCFA0030AF47 /* fase_0Tests */,
				C1B0C6361AF6CCFA0030AF47 /* Products */,
			);
			sourceTree = "<group>";
		};
		C1B0C6361AF6CCFA0030AF47 /* Products */ = {
			isa = PBXGroup;
			children = (
				C1B0C6351AF6CCFA0030AF47 /* fase_0.app */,
				C1B0C6541AF6CCFA0030AF47 /* fase_0Tests.xctest */,
			);
			name = Products;
			sourceTree = "<group>";
		};
		C1B0C6371AF6CCFA0030AF47 /* fase_0 */ = {
			isa = PBXGroup;
			children = (
				C1B0C63C1AF6CCFA0030AF47 /* AppDelegate.h */,
				C1B0C63D1AF6CCFA0030AF47 /* AppDelegate.m */,
				C1B0C63F1AF6CCFA0030AF47 /* RootViewController.h */,
				C1B0C6401AF6CCFA0030AF47 /* RootViewController.m */,
				C1B0C6421AF6CCFA0030AF47 /* DataViewController.h */,
				C1B0C6431AF6CCFA0030AF47 /* DataViewController.m */,
				C1B0C6451AF6CCFA0030AF47 /* ModelController.h */,
				C1B0C6461AF6CCFA0030AF47 /* ModelController.m */,
				C1B0C6481AF6CCFA0030AF47 /* Main.storyboard */,
				C1B0C64B1AF6CCFA0030AF47 /* Images.xcassets */,
				C1B0C64D1AF6CCFA0030AF47 /* LaunchScreen.xib */,
				C1B0C6381AF6CCFA0030AF47 /* Supporting Files */,
			);
			path = fase_0;
			sourceTree = "<group>";
		};
		C1B0C6381AF6CCFA0030AF47 /* Supporting Files */ = {
			isa = PBXGroup;
			children = (
				C1B0C6391AF6CCFA0030AF47 /* Info.plist */,
				C1B0C63A1AF6CCFA0030AF47 /* main.m */,
			);
			name = "Supporting Files";
			sourceTree = "<group>";
		};
		C1B0C6571AF6CCFA0030AF47 /* fase_0Tests */ = {
			isa = PBXGroup;
			children = (
				C1B0C65A1AF6CCFA0030AF47 /* fase_0Tests.m */,
				C1B0C6581AF6CCFA0030AF47 /* Supporting Files */,
			);
			path = fase_0Tests;
			sourceTree = "<group>";
		};
		C1B0C6581AF6CCFA0030AF47 /* Supporting Files */ = {
			isa = PBXGroup;
			children = (
				C1B0C6591AF6CCFA0030AF47 /* Info.plist */,
			);
			name = "Supporting Files";
			sourceTree = "<group>";
		};
/* End PBXGroup section */

/* Begin PBXNativeTarget section */
		C1B0C6341AF6CCFA0030AF47 /* fase_0 */ = {
			isa = PBXNativeTarget;
			buildConfigurationList = C1B0C65E1AF6CCFA0030AF47 /* Build configuration list for PBXNativeTarget "fase_0" */;
			buildPhases = (
				C1B0C6311AF6CCFA0030AF47 /* Sources */,
				C1B0C6321AF6CCFA0030AF47 /* Frameworks */,
				C1B0C6331AF6CCFA0030AF47 /* Resources */,
			);
			buildRules = (
			);
			dependencies = (
			);
			name = fase_0;
			productName = fase_0;
			productReference = C1B0C6351AF6CCFA0030AF47 /* fase_0.app */;
			productType = "com.apple.product-type.application";
		};
		C1B0C6531AF6CCFA0030AF47 /* fase_0Tests */ = {
			isa = PBXNativeTarget;
			buildConfigurationList = C1B0C6611AF6CCFA0030AF47 /* Build configuration list for PBXNativeTarget "fase_0Tests" */;
			buildPhases = (
				C1B0C6501AF6CCFA0030AF47 /* Sources */,
				C1B0C6511AF6CCFA0030AF47 /* Frameworks */,
				C1B0C6521AF6CCFA0030AF47 /* Resources */,
			);
			buildRules = (
			);
			dependencies = (
				C1B0C6561AF6CCFA0030AF47 /* PBXTargetDependency */,
			);
			name = fase_0Tests;
			productName = fase_0Tests;
			productReference = C1B0C6541AF6CCFA0030AF47 /* fase_0Tests.xctest */;
			productType = "com.apple.product-type.bundle.unit-test";
		};
/* End PBXNativeTarget section */

/* Begin PBXProject section */
		C1B0C62D1AF6CCFA0030AF47 /* Project object */ = {
			isa = PBXProject;
			attributes = {
				LastUpgradeCheck = 0610;
				ORGANIZATIONNAME = "Marta Guerreiro";
				TargetAttributes = {
					C1B0C6341AF6CCFA0030AF47 = {
						CreatedOnToolsVersion = 6.1.1;
					};
					C1B0C6531AF6CCFA0030AF47 = {
						CreatedOnToolsVersion = 6.1.1;
						TestTargetID = C1B0C6341AF6CCFA0030AF47;
					};
				};
			};
			buildConfigurationList = C1B0C6301AF6CCFA0030AF47 /* Build configuration list for PBXProject "fase_0" */;
			compatibilityVersion = "Xcode 3.2";
			developmentRegion = English;
			hasScannedForEncodings = 0;
			knownRegions = (
				en,
				Base,
			);
			mainGroup = C1B0C62C1AF6CCFA0030AF47;
			productRefGroup = C1B0C6361AF6CCFA0030AF47 /* Products */;
			projectDirPath = "";
			projectRoot = "";
			targets = (
				C1B0C6341AF6CCFA0030AF47 /* fase_0 */,
				C1B0C6531AF6CCFA0030AF47 /* fase_0Tests */,
			);
		};
/* End PBXProject section */

/* Begin PBXResourcesBuildPhase section */
		C1B0C6331AF6CCFA0030AF47 /* Resources */ = {
			isa = PBXResourcesBuildPhase;
			buildActionMask = 2147483647;
			files = (
				C1B0C64A1AF6CCFA0030AF47 /* Main.storyboard in Resources */,
				C1B0C64F1AF6CCFA0030AF47 /* LaunchScreen.xib in Resources */,
				C1B0C64C1AF6CCFA0030AF47 /* Images.xcassets in Resources */,
			);
			runOnlyForDeploymentPostprocessing = 0;
		};
		C1B0C6521AF6CCFA0030AF47 /* Resources */ = {
			isa = PBXResourcesBuildPhase;
			buildActionMask = 2147483647;
			files = (
			);
			runOnlyForDeploymentPostprocessing = 0;
		};
/* End PBXResourcesBuildPhase section */

/* Begin PBXSourcesBuildPhase section */
		C1B0C6311AF6CCFA0030AF47 /* Sources */ = {
			isa = PBXSourcesBuildPhase;
			buildActionMask = 2147483647;
			files = (
				C1B0C6441AF6CCFA0030AF47 /* DataViewController.m in Sources */,
				C1B0C63E1AF6CCFA0030AF47 /* AppDelegate.m in Sources */,
				C1B0C6471AF6CCFA0030AF47 /* ModelController.m in Sources */,
				C1B0C63B1AF6CCFA0030AF47 /* main.m in Sources */,
				C1B0C6411AF6CCFA0030AF47 /* RootViewController.m in Sources */,
			);
			runOnlyForDeploymentPostprocessing = 0;
		};
		C1B0C6501AF6CCFA0030AF47 /* Sources */ = {
			isa = PBXSourcesBuildPhase;
			buildActionMask = 2147483647;
			files = (
				C1B0C65B1AF6CCFA0030AF47 /* fase_0Tests.m in Sources */,
			);
			runOnlyForDeploymentPostprocessing = 0;
		};
/* End PBXSourcesBuildPhase section */

/* Begin PBXTargetDependency section */
		C1B0C6561AF6CCFA0030AF47 /* PBXTargetDependency */ = {
			isa = PBXTargetDependency;
			target = C1B0C6341AF6CCFA0030AF47 /* fase_0 */;
			targetProxy = C1B0C6551AF6CCFA0030AF47 /* PBXContainerItemProxy */;
		};
/* End PBXTargetDependency section */

/* Begin PBXVariantGroup section */
		C1B0C6481AF6CCFA0030AF47 /* Main.storyboard */ = {
			isa = PBXVariantGroup;
			children = (
				C1B0C6491AF6CCFA0030AF47 /* Base */,
			);
			name = Main.storyboard;
			sourceTree = "<group>";
		};
		C1B0C64D1AF6CCFA0030AF47 /* LaunchScreen.xib */ = {
			isa = PBXVariantGroup;
			children = (
				C1B0C64E1AF6CCFA0030AF47 /* Base */,
			);
			name = LaunchScreen.xib;
			sourceTree = "<group>";
		};
/* End PBXVariantGroup section */

/* Begin XCBuildConfiguration section */
		C1B0C65C1AF6CCFA0030AF47 /* Debug */ = {
			isa = XCBuildConfiguration;
			buildSettings = {
				ALWAYS_SEARCH_USER_PATHS = NO;
				CLANG_CXX_LANGUAGE_STANDARD = "gnu++0x";
				CLANG_CXX_LIBRARY = "libc++";
				CLANG_ENABLE_MODULES = YES;
				CLANG_ENABLE_OBJC_ARC = YES;
				CLANG_WARN_BOOL_CONVERSION = YES;
				CLANG_WARN_CONSTANT_CONVERSION = YES;
				CLANG_WARN_DIRECT_OBJC_ISA_USAGE = YES_ERROR;
				CLANG_WARN_EMPTY_BODY = YES;
				CLANG_WARN_ENUM_CONVERSION = YES;
				CLANG_WARN_INT_CONVERSION = YES;
				CLANG_WARN_OBJC_ROOT_CLASS = YES_ERROR;
				CLANG_WARN_UNREACHABLE_CODE = YES;
				CLANG_WARN__DUPLICATE_METHOD_MATCH = YES;
				"CODE_SIGN_IDENTITY[sdk=iphoneos*]" = "iPhone Developer";
				COPY_PHASE_STRIP = NO;
				ENABLE_STRICT_OBJC_MSGSEND = YES;
				GCC_C_LANGUAGE_STANDARD = gnu99;
				GCC_DYNAMIC_NO_PIC = NO;
				GCC_OPTIMIZATION_LEVEL = 0;
				GCC_PREPROCESSOR_DEFINITIONS = (
					"DEBUG=1",
					"$(inherited)",
				);
				GCC_SYMBOLS_PRIVATE_EXTERN = NO;
				GCC_WARN_64_TO_32_BIT_CONVERSION = YES;
				GCC_WARN_ABOUT_RETURN_TYPE = YES_ERROR;
				GCC_WARN_UNDECLARED_SELECTOR = YES;
				GCC_WARN_UNINITIALIZED_AUTOS = YES_AGGRESSIVE;
				GCC_WARN_UNUSED_FUNCTION = YES;
				GCC_WARN_UNUSED_VARIABLE = YES;
				IPHONEOS_DEPLOYMENT_TARGET = 8.1;
				MTL_ENABLE_DEBUG_INFO = YES;
				ONLY_ACTIVE_ARCH = YES;
				SDKROOT = iphoneos;
				TARGETED_DEVICE_FAMILY = "1,2";
			};
			name = Debug;
		};
		C1B0C65D1AF6CCFA0030AF47 /* Release */ = {
			isa = XCBuildConfiguration;
			buildSettings = {
				ALWAYS_SEARCH_USER_PATHS = NO;
				CLANG_CXX_LANGUAGE_STANDARD = "gnu++0x";
				CLANG_CXX_LIBRARY = "libc++";
				CLANG_ENABLE_MODULES = YES;
				CLANG_ENABLE_OBJC_ARC = YES;
				CLANG_WARN_BOOL_CONVERSION = YES;
				CLANG_WARN_CONSTANT_CONVERSION = YES;
				CLANG_WARN_DIRECT_OBJC_ISA_USAGE = YES_ERROR;
				CLANG_WARN_EMPTY_BODY = YES;
				CLANG_WARN_ENUM_CONVERSION = YES;
				CLANG_WARN_INT_CONVERSION = YES;
				CLANG_WARN_OBJC_ROOT_CLASS = YES_ERROR;
				CLANG_WARN_UNREACHABLE_CODE = YES;
				CLANG_WARN__DUPLICATE_METHOD_MATCH = YES;
				"CODE_SIGN_IDENTITY[sdk=iphoneos*]" = "iPhone Developer";
				COPY_PHASE_STRIP = YES;
				ENABLE_NS_ASSERTIONS = NO;
				ENABLE_STRICT_OBJC_MSGSEND = YES;
				GCC_C_LANGUAGE_STANDARD = gnu99;
				GCC_WARN_64_TO_32_BIT_CONVERSION = YES;
				GCC_WARN_ABOUT_RETURN_TYPE = YES_ERROR;
				GCC_WARN_UNDECLARED_SELECTOR = YES;
				GCC_WARN_UNINITIALIZED_AUTOS = YES_AGGRESSIVE;
				GCC_WARN_UNUSED_FUNCTION = YES;
				GCC_WARN_UNUSED_VARIABLE = YES;
				IPHONEOS_DEPLOYMENT_TARGET = 8.1;
				MTL_ENABLE_DEBUG_INFO = NO;
				SDKROOT = iphoneos;
				TARGETED_DEVICE_FAMILY = "1,2";
				VALIDATE_PRODUCT = YES;
			};
			name = Release;
		};
		C1B0C65F1AF6CCFA0030AF47 /* Debug */ = {
			isa = XCBuildConfiguration;
			buildSettings = {
				ASSETCATALOG_COMPILER_APPICON_NAME = AppIcon;
				INFOPLIST_FILE = fase_0/Info.plist;
				LD_RUNPATH_SEARCH_PATHS = "$(inherited) @executable_path/Frameworks";
				PRODUCT_NAME = "$(TARGET_NAME)";
			};
			name = Debug;
		};
		C1B0C6601AF6CCFA0030AF47 /* Release */ = {
			isa = XCBuildConfiguration;
			buildSettings = {
				ASSETCATALOG_COMPILER_APPICON_NAME = AppIcon;
				INFOPLIST_FILE = fase_0/Info.plist;
				LD_RUNPATH_SEARCH_PATHS = "$(inherited) @executable_path/Frameworks";
				PRODUCT_NAME = "$(TARGET_NAME)";
			};
			name = Release;
		};
		C1B0C6621AF6CCFA0030AF47 /* Debug */ = {
			isa = XCBuildConfiguration;
			buildSettings = {
				BUNDLE_LOADER = "$(TEST_HOST)";
				FRAMEWORK_SEARCH_PATHS = (
					"$(SDKROOT)/Developer/Library/Frameworks",
					"$(inherited)",
				);
				GCC_PREPROCESSOR_DEFINITIONS = (
					"DEBUG=1",
					"$(inherited)",
				);
				INFOPLIST_FILE = fase_0Tests/Info.plist;
				LD_RUNPATH_SEARCH_PATHS = "$(inherited) @executable_path/Frameworks @loader_path/Frameworks";
				PRODUCT_NAME = "$(TARGET_NAME)";
				TEST_HOST = "$(BUILT_PRODUCTS_DIR)/fase_0.app/fase_0";
			};
			name = Debug;
		};
		C1B0C6631AF6CCFA0030AF47 /* Release */ = {
			isa = XCBuildConfiguration;
			buildSettings = {
				BUNDLE_LOADER = "$(TEST_HOST)";
				FRAMEWORK_SEARCH_PATHS = (
					"$(SDKROOT)/Developer/Library/Frameworks",
					"$(inherited)",
				);
				INFOPLIST_FILE = fase_0Tests/Info.plist;
				LD_RUNPATH_SEARCH_PATHS = "$(inherited) @executable_path/Frameworks @loader_path/Frameworks";
				PRODUCT_NAME = "$(TARGET_NAME)";
				TEST_HOST = "$(BUILT_PRODUCTS_DIR)/fase_0.app/fase_0";
			};
			name = Release;
		};
/* End XCBuildConfiguration section */

/* Begin XCConfigurationList section */
		C1B0C6301AF6CCFA0030AF47 /* Build configuration list for PBXProject "fase_0" */ = {
			isa = XCConfigurationList;
			buildConfigurations = (
				C1B0C65C1AF6CCFA0030AF47 /* Debug */,
				C1B0C65D1AF6CCFA0030AF47 /* Release */,
			);
			defaultConfigurationIsVisible = 0;
			defaultConfigurationName = Release;
		};
		C1B0C65E1AF6CCFA0030AF47 /* Build configuration list for PBXNativeTarget "fase_0" */ = {
			isa = XCConfigurationList;
			buildConfigurations = (
				C1B0C65F1AF6CCFA0030AF47 /* Debug */,
				C1B0C6601AF6CCFA0030AF47 /* Release */,
			);
			defaultConfigurationIsVisible = 0;
		};
		C1B0C6611AF6CCFA0030AF47 /* Build configuration list for PBXNativeTarget "fase_0Tests" */ = {
			isa = XCConfigurationList;
			buildConfigurations = (
				C1B0C6621AF6CCFA0030AF47 /* Debug */,
				C1B0C6631AF6CCFA0030AF47 /* Release */,
			);
			defaultConfigurationIsVisible = 0;
		};
/* End XCConfigurationList section */
	};
	rootObject = C1B0C62D1AF6CCFA0030AF47 /* Project object */;
}
